{
  "name": "final_submission",
  "lockfileVersion": 2,
  "requires": true,
  "packages": {
    "": {
      "dependencies": {
        "mdb-vue-ui-kit": "^2.0.0"
      }
    },
    "node_modules/mdb-vue-ui-kit": {
      "version": "2.0.0",
      "resolved": "https://registry.npmjs.org/mdb-vue-ui-kit/-/mdb-vue-ui-kit-2.0.0.tgz",
      "integrity": "sha512-9dzL28KiuAWTFxiCXVplq83O//ALg2k88xaAvgVtl80ENBRYWRMafc2NYO4pM9FedKeF9/KGG5JaQYoyPcIqmA=="
    }
  },
  "dependencies": {
    "mdb-vue-ui-kit": {
      "version": "2.0.0",
      "resolved": "https://registry.npmjs.org/mdb-vue-ui-kit/-/mdb-vue-ui-kit-2.0.0.tgz",
      "integrity": "sha512-9dzL28KiuAWTFxiCXVplq83O//ALg2k88xaAvgVtl80ENBRYWRMafc2NYO4pM9FedKeF9/KGG5JaQYoyPcIqmA=="
    }
  }
}
